
Microsoft Visual Studio Solution File, Format Version 12.00
# Visual Studio Version 16
VisualStudioVersion = 16.0.30804.86
MinimumVisualStudioVersion = 10.0.40219.1
Project("{FAE04EC0-301F-11D3-BF4B-00C04F79EFBC}") = "Stats Core", "Stats Core.Lib\Stats Core.csproj", "{1CC1F3DF-8D63-46B7-B8A6-EEEC3D24ABA9}"
EndProject
Project("{FAE04EC0-301F-11D3-BF4B-00C04F79EFBC}") = "Stats Core.Tests", "Stats Core.Tests\Stats Core.Tests.csproj", "{898F7CF8-0AE1-4C88-825F-7DD1C78DC738}"
EndProject
Global
	GlobalSection(SolutionConfigurationPlatforms) = preSolution
		Debug|Any CPU = Debug|Any CPU
		Release|Any CPU = Release|Any CPU
	EndGlobalSection
	GlobalSection(ProjectConfigurationPlatforms) = postSolution
		{1CC1F3DF-8D63-46B7-B8A6-EEEC3D24ABA9}.Debug|Any CPU.ActiveCfg = Debug|Any CPU
		{1CC1F3DF-8D63-46B7-B8A6-EEEC3D24ABA9}.Debug|Any CPU.Build.0 = Debug|Any CPU
		{1CC1F3DF-8D63-46B7-B8A6-EEEC3D24ABA9}.Release|Any CPU.ActiveCfg = Release|Any CPU
		{1CC1F3DF-8D63-46B7-B8A6-EEEC3D24ABA9}.Release|Any CPU.Build.0 = Release|Any CPU
		{898F7CF8-0AE1-4C88-825F-7DD1C78DC738}.Debug|Any CPU.ActiveCfg = Debug|Any CPU
		{898F7CF8-0AE1-4C88-825F-7DD1C78DC738}.Debug|Any CPU.Build.0 = Debug|Any CPU
		{898F7CF8-0AE1-4C88-825F-7DD1C78DC738}.Release|Any CPU.ActiveCfg = Release|Any CPU
		{898F7CF8-0AE1-4C88-825F-7DD1C78DC738}.Release|Any CPU.Build.0 = Release|Any CPU
	EndGlobalSection
	GlobalSection(SolutionProperties) = preSolution
		HideSolutionNode = FALSE
	EndGlobalSection
	GlobalSection(ExtensibilityGlobals) = postSolution
		SolutionGuid = {3F388E9B-F80F-42D0-9795-67A3115DA488}
	EndGlobalSection
EndGlobal
